
Microsoft Visual Studio Solution File, Format Version 12.00
# Visual Studio 15
VisualStudioVersion = 15.0.35213.121
MinimumVisualStudioVersion = 10.0.40219.1
Project("{FAE04EC0-301F-11D3-BF4B-00C04F79EFBC}") = "ikili arama", "ikili arama\ikili arama.csproj", "{A2537BBB-22DA-4704-97A8-E243ED1E45F4}"
EndProject
Global
	GlobalSection(SolutionConfigurationPlatforms) = preSolution
		Debug|Any CPU = Debug|Any CPU
		Release|Any CPU = Release|Any CPU
	EndGlobalSection
	GlobalSection(ProjectConfigurationPlatforms) = postSolution
		{A2537BBB-22DA-4704-97A8-E243ED1E45F4}.Debug|Any CPU.ActiveCfg = Debug|Any CPU
		{A2537BBB-22DA-4704-97A8-E243ED1E45F4}.Debug|Any CPU.Build.0 = Debug|Any CPU
		{A2537BBB-22DA-4704-97A8-E243ED1E45F4}.Release|Any CPU.ActiveCfg = Release|Any CPU
		{A2537BBB-22DA-4704-97A8-E243ED1E45F4}.Release|Any CPU.Build.0 = Release|Any CPU
	EndGlobalSection
	GlobalSection(SolutionProperties) = preSolution
		HideSolutionNode = FALSE
	EndGlobalSection
	GlobalSection(ExtensibilityGlobals) = postSolution
		SolutionGuid = {BDBCCD68-C699-4573-A52D-4A8427F45354}
	EndGlobalSection
EndGlobal
