
Microsoft Visual Studio Solution File, Format Version 12.00
# Visual Studio Version 17
VisualStudioVersion = 17.11.35312.102
MinimumVisualStudioVersion = 10.0.40219.1
Project("{FAE04EC0-301F-11D3-BF4B-00C04F79EFBC}") = "islem_onceligine_göre_cozum", "islem_onceligine_göre_cozum\islem_onceligine_göre_cozum.csproj", "{209D9A60-4FA9-40DF-93B6-EF9902D50377}"
EndProject
Global
	GlobalSection(SolutionConfigurationPlatforms) = preSolution
		Debug|Any CPU = Debug|Any CPU
		Release|Any CPU = Release|Any CPU
	EndGlobalSection
	GlobalSection(ProjectConfigurationPlatforms) = postSolution
		{209D9A60-4FA9-40DF-93B6-EF9902D50377}.Debug|Any CPU.ActiveCfg = Debug|Any CPU
		{209D9A60-4FA9-40DF-93B6-EF9902D50377}.Debug|Any CPU.Build.0 = Debug|Any CPU
		{209D9A60-4FA9-40DF-93B6-EF9902D50377}.Release|Any CPU.ActiveCfg = Release|Any CPU
		{209D9A60-4FA9-40DF-93B6-EF9902D50377}.Release|Any CPU.Build.0 = Release|Any CPU
	EndGlobalSection
	GlobalSection(SolutionProperties) = preSolution
		HideSolutionNode = FALSE
	EndGlobalSection
	GlobalSection(ExtensibilityGlobals) = postSolution
		SolutionGuid = {350095B9-8D55-4EB5-BCB3-E78F0EF0971B}
	EndGlobalSection
EndGlobal
