
Microsoft Visual Studio Solution File, Format Version 12.00
# Visual Studio Version 17
VisualStudioVersion = 17.11.35312.102
MinimumVisualStudioVersion = 10.0.40219.1
Project("{FAE04EC0-301F-11D3-BF4B-00C04F79EFBC}") = "medyan_ve_ortalama", "medyan_ve_ortalama\medyan_ve_ortalama.csproj", "{4CC98EF9-2A19-4CAA-B0CF-283973F5123E}"
EndProject
Global
	GlobalSection(SolutionConfigurationPlatforms) = preSolution
		Debug|Any CPU = Debug|Any CPU
		Release|Any CPU = Release|Any CPU
	EndGlobalSection
	GlobalSection(ProjectConfigurationPlatforms) = postSolution
		{4CC98EF9-2A19-4CAA-B0CF-283973F5123E}.Debug|Any CPU.ActiveCfg = Debug|Any CPU
		{4CC98EF9-2A19-4CAA-B0CF-283973F5123E}.Debug|Any CPU.Build.0 = Debug|Any CPU
		{4CC98EF9-2A19-4CAA-B0CF-283973F5123E}.Release|Any CPU.ActiveCfg = Release|Any CPU
		{4CC98EF9-2A19-4CAA-B0CF-283973F5123E}.Release|Any CPU.Build.0 = Release|Any CPU
	EndGlobalSection
	GlobalSection(SolutionProperties) = preSolution
		HideSolutionNode = FALSE
	EndGlobalSection
	GlobalSection(ExtensibilityGlobals) = postSolution
		SolutionGuid = {933B4625-4208-43FF-986F-12589E20717C}
	EndGlobalSection
EndGlobal
